
Microsoft Visual Studio Solution File, Format Version 12.00
# Visual Studio Version 17
VisualStudioVersion = 17.0.31903.59
MinimumVisualStudioVersion = 10.0.40219.1
Project("{FAE04EC0-301F-11D3-BF4B-00C04F79EFBC}") = "ComputerCompanion", "ComputerCompanion.csproj", "{B97E4A48-843B-491F-8820-0D24153BC624}"
EndProject
Project("{2150E333-8FDC-42A3-9474-1A3956D46DE8}") = "src", "src", "{03710EDE-315C-4367-A9AD-7C90C7B9F5DE}"
EndProject
Project("{FAE04EC0-301F-11D3-BF4B-00C04F79EFBC}") = "ComputerCompanion.Overlay", "src\ComputerCompanion.Overlay\ComputerCompanion.Overlay\ComputerCompanion.Overlay.csproj", "{4FCDA464-CBDE-4658-BC52-18E6B4100889}"
EndProject
Global
	GlobalSection(SolutionConfigurationPlatforms) = preSolution
		Debug|Any CPU = Debug|Any CPU
		Release|Any CPU = Release|Any CPU
	EndGlobalSection
	GlobalSection(SolutionProperties) = preSolution
		HideSolutionNode = FALSE
	EndGlobalSection
	GlobalSection(ProjectConfigurationPlatforms) = postSolution
		{B97E4A48-843B-491F-8820-0D24153BC624}.Debug|Any CPU.ActiveCfg = Debug|Any CPU
		{B97E4A48-843B-491F-8820-0D24153BC624}.Debug|Any CPU.Build.0 = Debug|Any CPU
		{B97E4A48-843B-491F-8820-0D24153BC624}.Release|Any CPU.ActiveCfg = Release|Any CPU
		{B97E4A48-843B-491F-8820-0D24153BC624}.Release|Any CPU.Build.0 = Release|Any CPU
		{4FCDA464-CBDE-4658-BC52-18E6B4100889}.Debug|Any CPU.ActiveCfg = Debug|Any CPU
		{4FCDA464-CBDE-4658-BC52-18E6B4100889}.Debug|Any CPU.Build.0 = Debug|Any CPU
		{4FCDA464-CBDE-4658-BC52-18E6B4100889}.Release|Any CPU.ActiveCfg = Release|Any CPU
		{4FCDA464-CBDE-4658-BC52-18E6B4100889}.Release|Any CPU.Build.0 = Release|Any CPU
	EndGlobalSection
	GlobalSection(NestedProjects) = preSolution
		{4FCDA464-CBDE-4658-BC52-18E6B4100889} = {03710EDE-315C-4367-A9AD-7C90C7B9F5DE}
	EndGlobalSection
EndGlobal
